{
  "requires": true,
  "lockfileVersion": 1,
  "dependencies": {
    "react-native-keyevent": {
      "version": "0.2.8",
      "resolved": "https://registry.npmjs.org/react-native-keyevent/-/react-native-keyevent-0.2.8.tgz",
      "integrity": "sha512-tqZwJXDpAL7rBUGRAz4AaoAyQkaWA7k1Bq+l7P4GLsWAD7g0z/KSAOMY3cJanLYJxr4+t4FEZ8seA1YQ/7kchg=="
    }
  }
}
